
Microsoft Visual Studio Solution File, Format Version 12.00
# Visual Studio Version 17
VisualStudioVersion = 17.2.32616.157
MinimumVisualStudioVersion = 10.0.40219.1
Project("{FAE04EC0-301F-11D3-BF4B-00C04F79EFBC}") = "GitHubMonitor", "GitHubMonitor\GitHubMonitor.csproj", "{CAF8EF31-F9EF-4132-A483-00D9936F4F81}"
EndProject
Global
	GlobalSection(SolutionConfigurationPlatforms) = preSolution
		Debug|Any CPU = Debug|Any CPU
		Release|Any CPU = Release|Any CPU
	EndGlobalSection
	GlobalSection(ProjectConfigurationPlatforms) = postSolution
		{CAF8EF31-F9EF-4132-A483-00D9936F4F81}.Debug|Any CPU.ActiveCfg = Debug|Any CPU
		{CAF8EF31-F9EF-4132-A483-00D9936F4F81}.Debug|Any CPU.Build.0 = Debug|Any CPU
		{CAF8EF31-F9EF-4132-A483-00D9936F4F81}.Release|Any CPU.ActiveCfg = Release|Any CPU
		{CAF8EF31-F9EF-4132-A483-00D9936F4F81}.Release|Any CPU.Build.0 = Release|Any CPU
	EndGlobalSection
	GlobalSection(SolutionProperties) = preSolution
		HideSolutionNode = FALSE
	EndGlobalSection
	GlobalSection(ExtensibilityGlobals) = postSolution
		SolutionGuid = {C41479E5-84F7-4CDF-849A-0793AC2D0E22}
	EndGlobalSection
EndGlobal
